
Microsoft Visual Studio Solution File, Format Version 12.00
# Visual Studio Version 16
VisualStudioVersion = 16.0.31424.327
MinimumVisualStudioVersion = 10.0.40219.1
Project("{FAE04EC0-301F-11D3-BF4B-00C04F79EFBC}") = "Plugin_for_Pioneer", "Plugin_for_Pioneer\Plugin_for_Pioneer.csproj", "{CD556254-BFE1-4131-9FD8-391415FE1230}"
EndProject
Global
	GlobalSection(SolutionConfigurationPlatforms) = preSolution
		Debug|Any CPU = Debug|Any CPU
		Release|Any CPU = Release|Any CPU
	EndGlobalSection
	GlobalSection(ProjectConfigurationPlatforms) = postSolution
		{CD556254-BFE1-4131-9FD8-391415FE1230}.Debug|Any CPU.ActiveCfg = Debug|Any CPU
		{CD556254-BFE1-4131-9FD8-391415FE1230}.Debug|Any CPU.Build.0 = Debug|Any CPU
		{CD556254-BFE1-4131-9FD8-391415FE1230}.Release|Any CPU.ActiveCfg = Release|Any CPU
		{CD556254-BFE1-4131-9FD8-391415FE1230}.Release|Any CPU.Build.0 = Release|Any CPU
	EndGlobalSection
	GlobalSection(SolutionProperties) = preSolution
		HideSolutionNode = FALSE
	EndGlobalSection
	GlobalSection(ExtensibilityGlobals) = postSolution
		SolutionGuid = {24AD3D1D-E9F2-4D12-9BE8-A4E150B6DD5A}
	EndGlobalSection
EndGlobal
